PODS:
  - Kingfisher (6.3.0)
  - Realm (10.11.0):
    - Realm/Headers (= 10.11.0)
  - Realm/Headers (10.11.0)
  - RealmSwift (10.11.0):
    - Realm (= 10.11.0)

DEPENDENCIES:
  - Kingfisher
  - RealmSwift

SPEC REPOS:
  trunk:
    - Kingfisher
    - Realm
    - RealmSwift

SPEC CHECKSUMS:
  Kingfisher: 6c3df386db71d82c0817a429d2c9421a77396529
  Realm: 39ff23f0f709cd4ed93eb47ee6593c2158945b38
  RealmSwift: 42713e09a8631070d6c12c3c5fb22b8edc1daa41

PODFILE CHECKSUM: 71bb64ae82931555a8fc32cc5cc3df20816da3e5

COCOAPODS: 1.10.1
